<?xml version="1.0" encoding="utf-8"?>
<Project ToolsVersion="4.0" xmlns="http://schemas.microsoft.com/developer/msbuild/2003">
  <ItemGroup>
    <Filter Include="Source Files">
      <UniqueIdentifier>{4FC737F1-C7A5-4376-A066-2A32D752A2FF}</UniqueIdentifier>
      <Extensions>cpp;c;cc;cxx;def;odl;idl;hpj;bat;asm;asmx</Extensions>
    </Filter>
    <Filter Include="Header Files">
      <UniqueIdentifier>{93995380-89BD-4b04-88EB-625FBE52EBFB}</UniqueIdentifier>
      <Extensions>h;hh;hpp;hxx;hm;inl;inc;xsd</Extensions>
    </Filter>
    <Filter Include="Resource Files">
      <UniqueIdentifier>{67DA6AB6-F800-4c08-8B7A-83BB121AAD01}</UniqueIdentifier>
      <Extensions>rc;ico;cur;bmp;dlg;rc2;rct;bin;rgs;gif;jpg;jpeg;jpe;resx;tiff;tif;png;wav;mfcribbon-ms</Extensions>
    </Filter>
    <Filter Include="Tests">
      <UniqueIdentifier>{b9beb818-b101-441c-ab53-3d0ce32497ec}</UniqueIdentifier>
    </Filter>
    <Filter Include="Source Files\UI">
      <UniqueIdentifier>{7d951b48-669d-46b7-a416-9c92a16292b5}</UniqueIdentifier>
    </Filter>
    <Filter Include="Source Files\Application">
      <UniqueIdentifier>{d54159a7-7e3e-4b6b-a38f-a81e8631fff4}</UniqueIdentifier>
    </Filter>
    <Filter Include="Source Files\Parser">
      <UniqueIdentifier>{35d1e41f-2824-4d59-9f10-00fa4a7ce350}</UniqueIdentifier>
    </Filter>
    <Filter Include="Source Files\Utilities">
      <UniqueIdentifier>{bf09f967-4f40-4d90-9e56-da6fe5c8b0e4}</UniqueIdentifier>
    </Filter>
    <Filter Include="Source Files\PKB">
      <UniqueIdentifier>{eb2a3fe6-1844-4843-803b-7e7d305156df}</UniqueIdentifier>
    </Filter>
    <Filter Include="Header Files\PKB">
      <UniqueIdentifier>{ad938427-452f-4391-8409-ddbf8d1c75db}</UniqueIdentifier>
    </Filter>
    <Filter Include="Header Files\UI">
      <UniqueIdentifier>{25643787-26da-4086-81e0-f82f6cfa0f0d}</UniqueIdentifier>
    </Filter>
    <Filter Include="Header Files\Utilities">
      <UniqueIdentifier>{d7835867-43d6-486d-bb96-15087ad36c16}</UniqueIdentifier>
    </Filter>
    <Filter Include="Header Files\Parser">
      <UniqueIdentifier>{bc2b2601-e449-4d2f-aac6-782b9043c923}</UniqueIdentifier>
    </Filter>
    <Filter Include="Source Files\PQLParser">
      <UniqueIdentifier>{86d18841-e76b-48e5-b49a-106cf3b60308}</UniqueIdentifier>
    </Filter>
    <Filter Include="Header Files\PQLParser">
      <UniqueIdentifier>{f0a87815-b866-4fb1-9244-fdf7b9f127e8}</UniqueIdentifier>
    </Filter>
  </ItemGroup>
  <ItemGroup>
    <ClInclude Include="src\PKB\PKB.h">
      <Filter>Header Files\PKB</Filter>
    </ClInclude>
    <ClInclude Include="src\UI\CLI.h">
      <Filter>Header Files\UI</Filter>
    </ClInclude>
    <ClInclude Include="src\Utilities\CoreUtilities.h">
      <Filter>Header Files\Utilities</Filter>
    </ClInclude>
    <ClInclude Include="src\Parser\Parser.h">
      <Filter>Header Files\Parser</Filter>
    </ClInclude>
    <ClInclude Include="src\PQLParser\PQLParser.h">
      <Filter>Header Files\PQLParser</Filter>
    </ClInclude>
    <ClInclude Include="src\UI\FileProcessor.h">
      <Filter>Header Files\UI</Filter>
    </ClInclude>
    <ClInclude Include="src\PQLParser\PQLEngine.h">
      <Filter>Header Files\PQLParser</Filter>
    </ClInclude>
  </ItemGroup>
  <ItemGroup>
    <ClCompile Include="src\Application\main.cpp">
      <Filter>Source Files\Application</Filter>
    </ClCompile>
    <ClCompile Include="src\Parser\Parser.cpp">
      <Filter>Source Files\Parser</Filter>
    </ClCompile>
    <ClCompile Include="src\UI\CLI.cpp">
      <Filter>Source Files\UI</Filter>
    </ClCompile>
    <ClCompile Include="src\Utilities\CoreUtilities.cpp">
      <Filter>Source Files\Utilities</Filter>
    </ClCompile>
    <ClCompile Include="src\PKB\PKB.cpp">
      <Filter>Source Files\PKB</Filter>
    </ClCompile>
    <ClCompile Include="src\PQLParser\PQLParser.cpp">
      <Filter>Source Files\PQLParser</Filter>
    </ClCompile>
    <ClCompile Include="src\PQLParser\PQLEngine.cpp">
      <Filter>Source Files\PQLParser</Filter>
    </ClCompile>
    <ClCompile Include="src\UI\FileProcessor.cpp">
      <Filter>Source Files\UI</Filter>
    </ClCompile>
  </ItemGroup>
  <ItemGroup>
    <Text Include="Tests\Unit tests folder.txt">
      <Filter>Tests</Filter>
    </Text>
    <Text Include="First.txt">
      <Filter>Tests</Filter>
    </Text>
  </ItemGroup>
</Project>